
Microsoft Visual Studio Solution File, Format Version 12.00
# Visual Studio Version 17
VisualStudioVersion = 17.4.33110.190
MinimumVisualStudioVersion = 10.0.40219.1
Project("{FAE04EC0-301F-11D3-BF4B-00C04F79EFBC}") = "AndroidMessageOnlineServer", "AndroidMessageOnlineServer\AndroidMessageOnlineServer.csproj", "{E6970F1F-688C-4F4A-AF13-FB3683ABA8D6}"
EndProject
Global
	GlobalSection(SolutionConfigurationPlatforms) = preSolution
		Debug|Any CPU = Debug|Any CPU
		Release|Any CPU = Release|Any CPU
	EndGlobalSection
	GlobalSection(ProjectConfigurationPlatforms) = postSolution
		{E6970F1F-688C-4F4A-AF13-FB3683ABA8D6}.Debug|Any CPU.ActiveCfg = Debug|Any CPU
		{E6970F1F-688C-4F4A-AF13-FB3683ABA8D6}.Debug|Any CPU.Build.0 = Debug|Any CPU
		{E6970F1F-688C-4F4A-AF13-FB3683ABA8D6}.Release|Any CPU.ActiveCfg = Release|Any CPU
		{E6970F1F-688C-4F4A-AF13-FB3683ABA8D6}.Release|Any CPU.Build.0 = Release|Any CPU
	EndGlobalSection
	GlobalSection(SolutionProperties) = preSolution
		HideSolutionNode = FALSE
	EndGlobalSection
	GlobalSection(ExtensibilityGlobals) = postSolution
		SolutionGuid = {AAD45BE6-3EF8-41BF-AF4E-56277B9E5DC1}
	EndGlobalSection
EndGlobal
